
Microsoft Visual Studio Solution File, Format Version 12.00
# Visual Studio 14
VisualStudioVersion = 14.0.24720.0
MinimumVisualStudioVersion = 10.0.40219.1
Project("{FAE04EC0-301F-11D3-BF4B-00C04F79EFBC}") = "Interface", "GradeDeHorario\Interface.csproj", "{CBAAD1B7-3C64-46DF-8A44-BCEF613DE442}"
EndProject
Project("{FAE04EC0-301F-11D3-BF4B-00C04F79EFBC}") = "AcessoDados", "AcessoDados\AcessoDados.csproj", "{F1F270FB-A84B-403B-99A1-68F0ECDC6ACF}"
EndProject
Project("{FAE04EC0-301F-11D3-BF4B-00C04F79EFBC}") = "RegraNegocio", "RegraNegocio\RegraNegocio.csproj", "{A238AB83-10BC-4FF2-A78E-C53CE87E833A}"
EndProject
Project("{FAE04EC0-301F-11D3-BF4B-00C04F79EFBC}") = "Modelos", "Modelos\Modelos.csproj", "{443921D1-E7C0-448E-BC16-F1247A20FC90}"
EndProject
Global
	GlobalSection(SolutionConfigurationPlatforms) = preSolution
		Debug|Any CPU = Debug|Any CPU
		Release|Any CPU = Release|Any CPU
	EndGlobalSection
	GlobalSection(ProjectConfigurationPlatforms) = postSolution
		{CBAAD1B7-3C64-46DF-8A44-BCEF613DE442}.Debug|Any CPU.ActiveCfg = Debug|Any CPU
		{CBAAD1B7-3C64-46DF-8A44-BCEF613DE442}.Debug|Any CPU.Build.0 = Debug|Any CPU
		{CBAAD1B7-3C64-46DF-8A44-BCEF613DE442}.Release|Any CPU.ActiveCfg = Release|Any CPU
		{CBAAD1B7-3C64-46DF-8A44-BCEF613DE442}.Release|Any CPU.Build.0 = Release|Any CPU
		{F1F270FB-A84B-403B-99A1-68F0ECDC6ACF}.Debug|Any CPU.ActiveCfg = Debug|Any CPU
		{F1F270FB-A84B-403B-99A1-68F0ECDC6ACF}.Debug|Any CPU.Build.0 = Debug|Any CPU
		{F1F270FB-A84B-403B-99A1-68F0ECDC6ACF}.Release|Any CPU.ActiveCfg = Release|Any CPU
		{F1F270FB-A84B-403B-99A1-68F0ECDC6ACF}.Release|Any CPU.Build.0 = Release|Any CPU
		{A238AB83-10BC-4FF2-A78E-C53CE87E833A}.Debug|Any CPU.ActiveCfg = Debug|Any CPU
		{A238AB83-10BC-4FF2-A78E-C53CE87E833A}.Debug|Any CPU.Build.0 = Debug|Any CPU
		{A238AB83-10BC-4FF2-A78E-C53CE87E833A}.Release|Any CPU.ActiveCfg = Release|Any CPU
		{A238AB83-10BC-4FF2-A78E-C53CE87E833A}.Release|Any CPU.Build.0 = Release|Any CPU
		{443921D1-E7C0-448E-BC16-F1247A20FC90}.Debug|Any CPU.ActiveCfg = Debug|Any CPU
		{443921D1-E7C0-448E-BC16-F1247A20FC90}.Debug|Any CPU.Build.0 = Debug|Any CPU
		{443921D1-E7C0-448E-BC16-F1247A20FC90}.Release|Any CPU.ActiveCfg = Release|Any CPU
		{443921D1-E7C0-448E-BC16-F1247A20FC90}.Release|Any CPU.Build.0 = Release|Any CPU
	EndGlobalSection
	GlobalSection(SolutionProperties) = preSolution
		HideSolutionNode = FALSE
	EndGlobalSection
EndGlobal
